
Microsoft Visual Studio Solution File, Format Version 12.00
# Visual Studio 15
VisualStudioVersion = 15.0.27130.2020
MinimumVisualStudioVersion = 10.0.40219.1
Project("{888888A0-9F3D-457C-B088-3A5042F75D52}") = "plugin.video.hellokoko", "plugin.video.hellokoko\plugin.video.hellokoko.pyproj", "{1C2C7443-0A06-4BF0-8A55-7A3637857455}"
EndProject
Project("{888888A0-9F3D-457C-B088-3A5042F75D52}") = "repository.hellox", "docs\repository.hellox\repository.hellox.pyproj", "{2037DB51-3418-4F75-826E-5170E73495F0}"
EndProject
Global
	GlobalSection(SolutionConfigurationPlatforms) = preSolution
		Debug|Any CPU = Debug|Any CPU
		Release|Any CPU = Release|Any CPU
	EndGlobalSection
	GlobalSection(ProjectConfigurationPlatforms) = postSolution
		{1C2C7443-0A06-4BF0-8A55-7A3637857455}.Debug|Any CPU.ActiveCfg = Debug|Any CPU
		{1C2C7443-0A06-4BF0-8A55-7A3637857455}.Release|Any CPU.ActiveCfg = Release|Any CPU
		{2037DB51-3418-4F75-826E-5170E73495F0}.Debug|Any CPU.ActiveCfg = Debug|Any CPU
		{2037DB51-3418-4F75-826E-5170E73495F0}.Release|Any CPU.ActiveCfg = Release|Any CPU
	EndGlobalSection
	GlobalSection(SolutionProperties) = preSolution
		HideSolutionNode = FALSE
	EndGlobalSection
	GlobalSection(ExtensibilityGlobals) = postSolution
		SolutionGuid = {410CEC1D-9CC2-4140-A7B6-7C97C0D42792}
	EndGlobalSection
EndGlobal
