
Microsoft Visual Studio Solution File, Format Version 12.00
# Visual Studio 15
VisualStudioVersion = 15.0.27004.2006
MinimumVisualStudioVersion = 10.0.40219.1
Project("{888888A0-9F3D-457C-B088-3A5042F75D52}") = "KoKodi", "KoKodi.pyproj", "{3DC28522-2CF7-4E41-A047-34228F4B8181}"
EndProject
Global
	GlobalSection(SolutionConfigurationPlatforms) = preSolution
		Debug|Any CPU = Debug|Any CPU
		Release|Any CPU = Release|Any CPU
	EndGlobalSection
	GlobalSection(ProjectConfigurationPlatforms) = postSolution
		{3DC28522-2CF7-4E41-A047-34228F4B8181}.Debug|Any CPU.ActiveCfg = Debug|Any CPU
		{3DC28522-2CF7-4E41-A047-34228F4B8181}.Release|Any CPU.ActiveCfg = Release|Any CPU
	EndGlobalSection
	GlobalSection(SolutionProperties) = preSolution
		HideSolutionNode = FALSE
	EndGlobalSection
	GlobalSection(ExtensibilityGlobals) = postSolution
		SolutionGuid = {410CEC1D-9CC2-4140-A7B6-7C97C0D42792}
	EndGlobalSection
EndGlobal
